
Microsoft Visual Studio Solution File, Format Version 12.00
# Visual Studio Version 17
VisualStudioVersion = 17.10.35013.160
MinimumVisualStudioVersion = 10.0.40219.1
Project("{9A19103F-16F7-4668-BE54-9A1E7A4F7556}") = "LeagueAPIConsumption", "LeagueAPIConsumption.csproj", "{8C5334A9-8889-4214-A8C0-8917B2D055FD}"
EndProject
Project("{54A90642-561A-4BB1-A94E-469ADEE60C69}") = "matchinfoweb", "..\MatchInfoWeb\matchinfoweb.esproj", "{2F18A16C-0994-4D30-9575-8007BA667001}"
EndProject
Project("{FAE04EC0-301F-11D3-BF4B-00C04F79EFBC}") = "LeagueAPITest", "..\LeagueAPITest\LeagueAPITest.csproj", "{A3D86D54-71C6-4C92-B29F-AF7DEF3E6A73}"
EndProject
Global
	GlobalSection(SolutionConfigurationPlatforms) = preSolution
		Debug|Any CPU = Debug|Any CPU
		Release|Any CPU = Release|Any CPU
	EndGlobalSection
	GlobalSection(ProjectConfigurationPlatforms) = postSolution
		{8C5334A9-8889-4214-A8C0-8917B2D055FD}.Debug|Any CPU.ActiveCfg = Debug|Any CPU
		{8C5334A9-8889-4214-A8C0-8917B2D055FD}.Debug|Any CPU.Build.0 = Debug|Any CPU
		{8C5334A9-8889-4214-A8C0-8917B2D055FD}.Release|Any CPU.ActiveCfg = Release|Any CPU
		{8C5334A9-8889-4214-A8C0-8917B2D055FD}.Release|Any CPU.Build.0 = Release|Any CPU
		{2F18A16C-0994-4D30-9575-8007BA667001}.Debug|Any CPU.ActiveCfg = Debug|Any CPU
		{2F18A16C-0994-4D30-9575-8007BA667001}.Debug|Any CPU.Build.0 = Debug|Any CPU
		{2F18A16C-0994-4D30-9575-8007BA667001}.Debug|Any CPU.Deploy.0 = Debug|Any CPU
		{2F18A16C-0994-4D30-9575-8007BA667001}.Release|Any CPU.ActiveCfg = Release|Any CPU
		{2F18A16C-0994-4D30-9575-8007BA667001}.Release|Any CPU.Build.0 = Release|Any CPU
		{2F18A16C-0994-4D30-9575-8007BA667001}.Release|Any CPU.Deploy.0 = Release|Any CPU
		{A3D86D54-71C6-4C92-B29F-AF7DEF3E6A73}.Debug|Any CPU.ActiveCfg = Debug|Any CPU
		{A3D86D54-71C6-4C92-B29F-AF7DEF3E6A73}.Debug|Any CPU.Build.0 = Debug|Any CPU
		{A3D86D54-71C6-4C92-B29F-AF7DEF3E6A73}.Release|Any CPU.ActiveCfg = Release|Any CPU
		{A3D86D54-71C6-4C92-B29F-AF7DEF3E6A73}.Release|Any CPU.Build.0 = Release|Any CPU
	EndGlobalSection
	GlobalSection(SolutionProperties) = preSolution
		HideSolutionNode = FALSE
	EndGlobalSection
	GlobalSection(ExtensibilityGlobals) = postSolution
		SolutionGuid = {C9BADCC7-62A6-41B3-9AE3-2B4DD7EBCB3C}
	EndGlobalSection
EndGlobal
